
Microsoft Visual Studio Solution File, Format Version 12.00
# Visual Studio Version 16
VisualStudioVersion = 16.0.30907.101
MinimumVisualStudioVersion = 10.0.40219.1
Project("{9A19103F-16F7-4668-BE54-9A1E7A4F7556}") = "UEN", "UEN.csproj", "{2F0DA954-3200-416E-92F0-216BD08C881E}"
EndProject
Project("{FAE04EC0-301F-11D3-BF4B-00C04F79EFBC}") = "UENTests", "..\UENTests1\UENTests.csproj", "{7B4A05D3-406A-404F-A9E6-967890370047}"
EndProject
Global
	GlobalSection(SolutionConfigurationPlatforms) = preSolution
		Debug|Any CPU = Debug|Any CPU
		Release|Any CPU = Release|Any CPU
	EndGlobalSection
	GlobalSection(ProjectConfigurationPlatforms) = postSolution
		{2F0DA954-3200-416E-92F0-216BD08C881E}.Debug|Any CPU.ActiveCfg = Debug|Any CPU
		{2F0DA954-3200-416E-92F0-216BD08C881E}.Debug|Any CPU.Build.0 = Debug|Any CPU
		{2F0DA954-3200-416E-92F0-216BD08C881E}.Release|Any CPU.ActiveCfg = Release|Any CPU
		{2F0DA954-3200-416E-92F0-216BD08C881E}.Release|Any CPU.Build.0 = Release|Any CPU
		{7B4A05D3-406A-404F-A9E6-967890370047}.Debug|Any CPU.ActiveCfg = Debug|Any CPU
		{7B4A05D3-406A-404F-A9E6-967890370047}.Debug|Any CPU.Build.0 = Debug|Any CPU
		{7B4A05D3-406A-404F-A9E6-967890370047}.Release|Any CPU.ActiveCfg = Release|Any CPU
		{7B4A05D3-406A-404F-A9E6-967890370047}.Release|Any CPU.Build.0 = Release|Any CPU
	EndGlobalSection
	GlobalSection(SolutionProperties) = preSolution
		HideSolutionNode = FALSE
	EndGlobalSection
	GlobalSection(ExtensibilityGlobals) = postSolution
		SolutionGuid = {8049D041-D525-49E7-BC9A-F32F99C393FA}
	EndGlobalSection
EndGlobal
